<?xml version="1.0" encoding="utf-8"?>
<Project ToolsVersion="4.0" xmlns="http://schemas.microsoft.com/developer/msbuild/2003">
  <ItemGroup>
    <Filter Include="Source Files">
      <UniqueIdentifier>{4FC737F1-C7A5-4376-A066-2A32D752A2FF}</UniqueIdentifier>
      <Extensions>cpp;c;cc;cxx;c++;cppm;ixx;def;odl;idl;hpj;bat;asm;asmx</Extensions>
    </Filter>
    <Filter Include="Header Files">
      <UniqueIdentifier>{93995380-89BD-4b04-88EB-625FBE52EBFB}</UniqueIdentifier>
      <Extensions>h;hh;hpp;hxx;h++;hm;inl;inc;ipp;xsd</Extensions>
    </Filter>
    <Filter Include="Resource Files">
      <UniqueIdentifier>{67DA6AB6-F800-4c08-8B7A-83BB121AAD01}</UniqueIdentifier>
      <Extensions>rc;ico;cur;bmp;dlg;rc2;rct;bin;rgs;gif;jpg;jpeg;jpe;resx;tiff;tif;png;wav;mfcribbon-ms</Extensions>
    </Filter>
  </ItemGroup>
  <ItemGroup>
    <ClCompile Include="ProjectSourceCode\main.cpp">
      <Filter>Source Files</Filter>
    </ClCompile>
    <ClCompile Include="ProjectSourceCode\Item\item.cpp">
      <Filter>Source Files</Filter>
    </ClCompile>
    <ClCompile Include="ProjectSourceCode\Item\itemcontainer.cpp">
      <Filter>Source Files</Filter>
    </ClCompile>
    <ClCompile Include="ProjectSourceCode\Test\testitem.cpp">
      <Filter>Source Files</Filter>
    </ClCompile>
    <ClCompile Include="ProjectSourceCode\Character\Character.cpp">
      <Filter>Source Files</Filter>
    </ClCompile>
    <ClCompile Include="ProjectSourceCode\Dice\Dice.cpp">
      <Filter>Source Files</Filter>
    </ClCompile>
    <ClCompile Include="ProjectSourceCode\Test\testitemcontainer.cpp">
      <Filter>Source Files</Filter>
    </ClCompile>
    <ClCompile Include="ProjectSourceCode\Test\testDice.cpp">
      <Filter>Source Files</Filter>
    </ClCompile>
    <ClCompile Include="ProjectSourceCode\Demo\demoitem.cpp">
      <Filter>Source Files</Filter>
    </ClCompile>
    <ClCompile Include="ProjectSourceCode\Demo\DiceDemo.cpp">
      <Filter>Source Files</Filter>
    </ClCompile>
    <ClCompile Include="ProjectSourceCode\Demo\demoCharacter.cpp">
      <Filter>Source Files</Filter>
    </ClCompile>
    <ClCompile Include="ProjectSourceCode\Map\Map.cpp">
      <Filter>Source Files</Filter>
    </ClCompile>
    <ClCompile Include="ProjectSourceCode\Serialize\serializeItem.cpp">
      <Filter>Source Files</Filter>
    </ClCompile>
    <ClCompile Include="ProjectSourceCode\Test\testserializeitem.cpp">
      <Filter>Source Files</Filter>
    </ClCompile>
    <ClCompile Include="ProjectSourceCode\Serialize\SerializeCharacter.cpp">
      <Filter>Source Files</Filter>
    </ClCompile>
    <ClCompile Include="ProjectSourceCode\Campaign\campaign.cpp">
      <Filter>Source Files</Filter>
    </ClCompile>
    <ClCompile Include="ProjectSourceCode\Test\testcampaign.cpp">
      <Filter>Source Files</Filter>
    </ClCompile>
    <ClCompile Include="ProjectSourceCode\Test\testSerializeCharacter.cpp">
      <Filter>Source Files</Filter>
    </ClCompile>
    <ClCompile Include="ProjectSourceCode\Decorator\componentdecorator.cpp">
      <Filter>Source Files</Filter>
    </ClCompile>
    <ClCompile Include="ProjectSourceCode\Strategy\humanplayerstrategy.cpp">
      <Filter>Source Files</Filter>
    </ClCompile>
    <ClCompile Include="ProjectSourceCode\Strategy\aggressorstrategy.cpp">
      <Filter>Source Files</Filter>
    </ClCompile>
    <ClCompile Include="ProjectSourceCode\Strategy\friendlystrategy.cpp">
      <Filter>Source Files</Filter>
    </ClCompile>
    <ClCompile Include="ProjectSourceCode\Interactable\EmptyCell.cpp">
      <Filter>Source Files</Filter>
    </ClCompile>
    <ClCompile Include="ProjectSourceCode\Interactable\Interactable.cpp">
      <Filter>Source Files</Filter>
    </ClCompile>
    <ClCompile Include="ProjectSourceCode\Builder\MapBuilder.cpp">
      <Filter>Source Files</Filter>
    </ClCompile>
    <ClCompile Include="ProjectSourceCode\Interactable\Wall.cpp">
      <Filter>Source Files</Filter>
    </ClCompile>
    <ClCompile Include="ProjectSourceCode\Game\game.cpp">
      <Filter>Source Files</Filter>
    </ClCompile>
    <ClCompile Include="ProjectSourceCode\Game\gamelogger.cpp">
      <Filter>Source Files</Filter>
    </ClCompile>
    <ClCompile Include="ProjectSourceCode\Test\testgamelogger.cpp">
      <Filter>Source Files</Filter>
    </ClCompile>
    <ClCompile Include="GUI\BaseEditor.cpp">
      <Filter>Source Files</Filter>
    </ClCompile>
    <ClCompile Include="GUI\ItemEditor.cpp">
      <Filter>Source Files</Filter>
    </ClCompile>
    <ClCompile Include="GUI\MainMenu.cpp">
      <Filter>Source Files</Filter>
    </ClCompile>
    <ClCompile Include="GUI\MapEditor.cpp">
      <Filter>Source Files</Filter>
    </ClCompile>
    <ClCompile Include="GUI\MapSerializer.cpp">
      <Filter>Source Files</Filter>
    </ClCompile>
    <ClCompile Include="GUI\MapCellButton.cpp">
      <Filter>Source Files</Filter>
    </ClCompile>
    <ClCompile Include="GUI\MapViewWindow.cpp">
      <Filter>Source Files</Filter>
    </ClCompile>
    <ClCompile Include="GUI\CampaignEditor.cpp">
      <Filter>Source Files</Filter>
    </ClCompile>
    <ClCompile Include="ProjectSourceCode\Test\testCharacter.cpp">
      <Filter>Source Files</Filter>
    </ClCompile>
    <ClCompile Include="ProjectSourceCode\Door\door.cpp">
      <Filter>Source Files</Filter>
    </ClCompile>
  </ItemGroup>
  <ItemGroup>
    <ClInclude Include="ProjectSourceCode\Item\item.h">
      <Filter>Header Files</Filter>
    </ClInclude>
    <ClInclude Include="ProjectSourceCode\Item\itemcontainer.h">
      <Filter>Header Files</Filter>
    </ClInclude>
    <ClInclude Include="ProjectSourceCode\Test\testitem.h">
      <Filter>Header Files</Filter>
    </ClInclude>
    <ClInclude Include="ProjectSourceCode\Dice\Dice.h">
      <Filter>Header Files</Filter>
    </ClInclude>
    <ClInclude Include="ProjectSourceCode\Character\Character.h">
      <Filter>Header Files</Filter>
    </ClInclude>
    <ClInclude Include="ProjectSourceCode\Test\testitemcontainer.h">
      <Filter>Header Files</Filter>
    </ClInclude>
    <ClInclude Include="ProjectSourceCode\Test\testCharacter.h">
      <Filter>Header Files</Filter>
    </ClInclude>
    <ClInclude Include="ProjectSourceCode\Test\testDice.h">
      <Filter>Header Files</Filter>
    </ClInclude>
    <ClInclude Include="ProjectSourceCode\Demo\demoitem.h">
      <Filter>Header Files</Filter>
    </ClInclude>
    <ClInclude Include="ProjectSourceCode\Demo\DiceDemo.h">
      <Filter>Header Files</Filter>
    </ClInclude>
    <ClInclude Include="ProjectSourceCode\Demo\demoCharacter.h">
      <Filter>Header Files</Filter>
    </ClInclude>
    <ClInclude Include="ProjectSourceCode\Map\Map.h">
      <Filter>Header Files</Filter>
    </ClInclude>
    <ClInclude Include="ProjectSourceCode\Serialize\serializeItem.h">
      <Filter>Header Files</Filter>
    </ClInclude>
    <ClInclude Include="ProjectSourceCode\Test\testserializeitem.h">
      <Filter>Header Files</Filter>
    </ClInclude>
    <ClInclude Include="ProjectSourceCode\Serialize\SerializeCharacter.h">
      <Filter>Header Files</Filter>
    </ClInclude>
    <ClInclude Include="ProjectSourceCode\Campaign\campaign.h">
      <Filter>Header Files</Filter>
    </ClInclude>
    <ClInclude Include="ProjectSourceCode\Test\testcampaign.h">
      <Filter>Header Files</Filter>
    </ClInclude>
    <ClInclude Include="ProjectSourceCode\Test\testSerializeCharacter.h">
      <Filter>Header Files</Filter>
    </ClInclude>
    <ClInclude Include="ProjectSourceCode\Decorator\abstractcomponent.h">
      <Filter>Header Files</Filter>
    </ClInclude>
    <ClInclude Include="ProjectSourceCode\Decorator\componentdecorator.h">
      <Filter>Header Files</Filter>
    </ClInclude>
    <ClInclude Include="ProjectSourceCode\Strategy\characteractionstrategy.h">
      <Filter>Header Files</Filter>
    </ClInclude>
    <ClInclude Include="ProjectSourceCode\Strategy\humanplayerstrategy.h">
      <Filter>Header Files</Filter>
    </ClInclude>
    <ClInclude Include="ProjectSourceCode\Strategy\aggressorstrategy.h">
      <Filter>Header Files</Filter>
    </ClInclude>
    <ClInclude Include="ProjectSourceCode\Strategy\friendlystrategy.h">
      <Filter>Header Files</Filter>
    </ClInclude>
    <ClInclude Include="ProjectSourceCode\Interactable\EmptyCell.h">
      <Filter>Header Files</Filter>
    </ClInclude>
    <ClInclude Include="ProjectSourceCode\Interactable\Interactable.h">
      <Filter>Header Files</Filter>
    </ClInclude>
    <ClInclude Include="ProjectSourceCode\Builder\MapBuilder.h">
      <Filter>Header Files</Filter>
    </ClInclude>
    <ClInclude Include="ProjectSourceCode\Interactable\Wall.h">
      <Filter>Header Files</Filter>
    </ClInclude>
    <ClInclude Include="GUI\BaseEditor.h">
      <Filter>Header Files</Filter>
    </ClInclude>
    <ClInclude Include="GUI\CampaignEditor.h">
      <Filter>Header Files</Filter>
    </ClInclude>
    <ClInclude Include="GUI\ItemEditor.h">
      <Filter>Header Files</Filter>
    </ClInclude>
    <ClInclude Include="GUI\MainMenu.h">
      <Filter>Header Files</Filter>
    </ClInclude>
    <ClInclude Include="GUI\MapEditor.h">
      <Filter>Header Files</Filter>
    </ClInclude>
    <ClInclude Include="GUI\MapSerializer.h">
      <Filter>Header Files</Filter>
    </ClInclude>
    <ClInclude Include="GUI\CharacterViewWindow.h">
      <Filter>Header Files</Filter>
    </ClInclude>
    <ClInclude Include="GUI\CharacterEditor.h">
      <Filter>Header Files</Filter>
    </ClInclude>
    <ClInclude Include="GUI\BaseViewer.h">
      <Filter>Header Files</Filter>
    </ClInclude>
    <ClInclude Include="GUI\MapViewWindow.h">
      <Filter>Header Files</Filter>
    </ClInclude>
    <ClInclude Include="ProjectSourceCode\Observer\Observable.h">
      <Filter>Header Files</Filter>
    </ClInclude>
    <ClInclude Include="ProjectSourceCode\Observer\Observer.h">
      <Filter>Header Files</Filter>
    </ClInclude>
    <ClInclude Include="ProjectSourceCode\Game\game.h">
      <Filter>Header Files</Filter>
    </ClInclude>
    <ClInclude Include="ProjectSourceCode\Game\gamelogger.h">
      <Filter>Header Files</Filter>
    </ClInclude>
    <ClInclude Include="ProjectSourceCode\Test\testgamelogger.h">
      <Filter>Header Files</Filter>
    </ClInclude>
    <ClInclude Include="ProjectSourceCode\Door\door.h">
      <Filter>Header Files</Filter>
    </ClInclude>
  </ItemGroup>
</Project>