<?xml version="1.0" encoding="utf-8"?>
<Project ToolsVersion="4.0" xmlns="http://schemas.microsoft.com/developer/msbuild/2003">
  <ItemGroup>
    <Filter Include="Source Files">
      <UniqueIdentifier>{4FC737F1-C7A5-4376-A066-2A32D752A2FF}</UniqueIdentifier>
      <Extensions>cpp;c;cc;cxx;c++;cppm;ixx;def;odl;idl;hpj;bat;asm;asmx</Extensions>
    </Filter>
    <Filter Include="Header Files">
      <UniqueIdentifier>{93995380-89BD-4b04-88EB-625FBE52EBFB}</UniqueIdentifier>
      <Extensions>h;hh;hpp;hxx;h++;hm;inl;inc;ipp;xsd</Extensions>
    </Filter>
    <Filter Include="Resource Files">
      <UniqueIdentifier>{67DA6AB6-F800-4c08-8B7A-83BB121AAD01}</UniqueIdentifier>
      <Extensions>rc;ico;cur;bmp;dlg;rc2;rct;bin;rgs;gif;jpg;jpeg;jpe;resx;tiff;tif;png;wav;mfcribbon-ms</Extensions>
    </Filter>
  </ItemGroup>
  <ItemGroup>
    <ClCompile Include="ProjectSourceCode\ImplFiles\Item\main.cpp">
      <Filter>Source Files</Filter>
    </ClCompile>
    <ClCompile Include="ProjectSourceCode\ImplFiles\Item\item.cpp">
      <Filter>Source Files</Filter>
    </ClCompile>
    <ClCompile Include="ProjectSourceCode\ImplFiles\Item\itemcontainer.cpp">
      <Filter>Source Files</Filter>
    </ClCompile>
    <ClCompile Include="ProjectSourceCode\ImplFiles\Item\testitemcontainer.cpp">
      <Filter>Source Files</Filter>
    </ClCompile>
    <ClCompile Include="ProjectSourceCode\ImplFiles\Item\testitem.cpp">
      <Filter>Source Files</Filter>
    </ClCompile>
    <ClCompile Include="ProjectSourceCode\ImplFiles\Item\demoitem.cpp">
      <Filter>Source Files</Filter>
    </ClCompile>
    <ClCompile Include="ProjectSourceCode\ImplFiles\Item\serializeItem.cpp">
      <Filter>Source Files</Filter>
    </ClCompile>
    <ClCompile Include="ProjectSourceCode\ImplFiles\Item\testserializeitem.cpp">
      <Filter>Source Files</Filter>
    </ClCompile>
    <ClCompile Include="ProjectSourceCode\ImplFiles\Character\Character.cpp">
      <Filter>Source Files</Filter>
    </ClCompile>
    <ClCompile Include="ProjectSourceCode\ImplFiles\Character\testCharacter.cpp">
      <Filter>Source Files</Filter>
    </ClCompile>
    <ClCompile Include="ProjectSourceCode\ImplFiles\Character\demoCharacter.cpp">
      <Filter>Source Files</Filter>
    </ClCompile>
    <ClCompile Include="ProjectSourceCode\ImplFiles\Character\SerializeCharacter.cpp">
      <Filter>Source Files</Filter>
    </ClCompile>
    <ClCompile Include="ProjectSourceCode\ImplFiles\Dice\Dice.cpp">
      <Filter>Source Files</Filter>
    </ClCompile>
    <ClCompile Include="ProjectSourceCode\ImplFiles\Dice\testDice.cpp">
      <Filter>Source Files</Filter>
    </ClCompile>
    <ClCompile Include="ProjectSourceCode\ImplFiles\Dice\DiceDemo.cpp">
      <Filter>Source Files</Filter>
    </ClCompile>
    <ClCompile Include="ProjectSourceCode\ImplFiles\Map\Map.cpp">
      <Filter>Source Files</Filter>
    </ClCompile>
    <ClCompile Include="ProjectSourceCode\ImplFiles\Map\testMap.cpp">
      <Filter>Source Files</Filter>
    </ClCompile>
    <ClCompile Include="campaign.cpp">
      <Filter>Source Files</Filter>
    </ClCompile>
    <ClCompile Include="testcampaign.cpp">
      <Filter>Source Files</Filter>
    </ClCompile>
  </ItemGroup>
  <ItemGroup>
    <ClInclude Include="ProjectSourceCode\HeaderFiles\Item\item.h">
      <Filter>Header Files</Filter>
    </ClInclude>
    <ClInclude Include="ProjectSourceCode\HeaderFiles\Item\itemcontainer.h">
      <Filter>Header Files</Filter>
    </ClInclude>
    <ClInclude Include="ProjectSourceCode\HeaderFiles\Item\testitem.h">
      <Filter>Header Files</Filter>
    </ClInclude>
    <ClInclude Include="ProjectSourceCode\HeaderFiles\Item\testitemcontainer.h">
      <Filter>Header Files</Filter>
    </ClInclude>
    <ClInclude Include="ProjectSourceCode\HeaderFiles\Item\testitemidcounter.h">
      <Filter>Header Files</Filter>
    </ClInclude>
    <ClInclude Include="ProjectSourceCode\HeaderFiles\Item\demoitem.h">
      <Filter>Header Files</Filter>
    </ClInclude>
    <ClInclude Include="ProjectSourceCode\HeaderFiles\Item\serializeItem.h">
      <Filter>Header Files</Filter>
    </ClInclude>
    <ClInclude Include="ProjectSourceCode\HeaderFiles\Item\testserializeitem.h">
      <Filter>Header Files</Filter>
    </ClInclude>
    <ClInclude Include="ProjectSourceCode\HeaderFiles\Character\Character.h">
      <Filter>Header Files</Filter>
    </ClInclude>
    <ClInclude Include="ProjectSourceCode\HeaderFiles\Character\testCharacter.h">
      <Filter>Header Files</Filter>
    </ClInclude>
    <ClInclude Include="ProjectSourceCode\HeaderFiles\Character\demoCharacter.h">
      <Filter>Header Files</Filter>
    </ClInclude>
    <ClInclude Include="ProjectSourceCode\HeaderFiles\Character\SerializeCharacter.h">
      <Filter>Header Files</Filter>
    </ClInclude>
    <ClInclude Include="ProjectSourceCode\HeaderFiles\Dice\Dice.h">
      <Filter>Header Files</Filter>
    </ClInclude>
    <ClInclude Include="ProjectSourceCode\HeaderFiles\Dice\testDice.h">
      <Filter>Header Files</Filter>
    </ClInclude>
    <ClInclude Include="ProjectSourceCode\HeaderFiles\Dice\DiceDemo.h">
      <Filter>Header Files</Filter>
    </ClInclude>
    <ClInclude Include="ProjectSourceCode\HeaderFiles\Map\Map.h">
      <Filter>Header Files</Filter>
    </ClInclude>
    <ClInclude Include="ProjectSourceCode\HeaderFiles\Map\testMap.h">
      <Filter>Header Files</Filter>
    </ClInclude>
    <ClInclude Include="campaign.h">
      <Filter>Header Files</Filter>
    </ClInclude>
    <ClInclude Include="testcampaign.h">
      <Filter>Header Files</Filter>
    </ClInclude>
  </ItemGroup>
</Project>